// !$*UTF8*$!
{
	archiveVersion = 1;
	classes = {
	};
	objectVersion = 46;
	objects = {

/* Begin PBXBuildFile section */
		4E5454C3244719B000008D99 /* AppDelegate.m in Sources */ = {isa = PBXBuildFile; fileRef = 4E5454C2244719B000008D99 /* AppDelegate.m */; };
		4E5454C6244719B000008D99 /* SceneDelegate.m in Sources */ = {isa = PBXBuildFile; fileRef = 4E5454C5244719B000008D99 /* SceneDelegate.m */; };
		4E5454C9244719B000008D99 /* ViewController.m in Sources */ = {isa = PBXBuildFile; fileRef = 4E5454C8244719B000008D99 /* ViewController.m */; };
		4E5454CC244719B000008D99 /* Main.storyboard in Resources */ = {isa = PBXBuildFile; fileRef = 4E5454CA244719B000008D99 /* Main.storyboard */; };
		4E5454CE244719B200008D99 /* Assets.xcassets in Resources */ = {isa = PBXBuildFile; fileRef = 4E5454CD244719B200008D99 /* Assets.xcassets */; };
		4E5454D1244719B200008D99 /* LaunchScreen.storyboard in Resources */ = {isa = PBXBuildFile; fileRef = 4E5454CF244719B200008D99 /* LaunchScreen.storyboard */; };
		4E5454D4244719B200008D99 /* main.m in Sources */ = {isa = PBXBuildFile; fileRef = 4E5454D3244719B200008D99 /* main.m */; };
		4E5454DD244719F300008D99 /* MMSwiper.m in Sources */ = {isa = PBXBuildFile; fileRef = 4E5454DC244719F300008D99 /* MMSwiper.m */; };
		62CDC753C1034AA76B8C30DE /* libPods-MMSwiperDemo.a in Frameworks */ = {isa = PBXBuildFile; fileRef = 1D8AF04B9D774E52951DE2B2 /* libPods-MMSwiperDemo.a */; };
/* End PBXBuildFile section */

/* Begin PBXFileReference section */
		175292AA5A7DD807062BCB22 /* Pods-MMSwiperDemo.release.xcconfig */ = {isa = PBXFileReference; includeInIndex = 1; lastKnownFileType = text.xcconfig; name = "Pods-MMSwiperDemo.release.xcconfig"; path = "Target Support Files/Pods-MMSwiperDemo/Pods-MMSwiperDemo.release.xcconfig"; sourceTree = "<group>"; };
		1D8AF04B9D774E52951DE2B2 /* libPods-MMSwiperDemo.a */ = {isa = PBXFileReference; explicitFileType = archive.ar; includeInIndex = 0; path = "libPods-MMSwiperDemo.a"; sourceTree = BUILT_PRODUCTS_DIR; };
		4E5454BE244719B000008D99 /* MMSwiperDemo.app */ = {isa = PBXFileReference; explicitFileType = wrapper.application; includeInIndex = 0; path = MMSwiperDemo.app; sourceTree = BUILT_PRODUCTS_DIR; };
		4E5454C1244719B000008D99 /* AppDelegate.h */ = {isa = PBXFileReference; lastKnownFileType = sourcecode.c.h; path = AppDelegate.h; sourceTree = "<group>"; };
		4E5454C2244719B000008D99 /* AppDelegate.m */ = {isa = PBXFileReference; lastKnownFileType = sourcecode.c.objc; path = AppDelegate.m; sourceTree = "<group>"; };
		4E5454C4244719B000008D99 /* SceneDelegate.h */ = {isa = PBXFileReference; lastKnownFileType = sourcecode.c.h; path = SceneDelegate.h; sourceTree = "<group>"; };
		4E5454C5244719B000008D99 /* SceneDelegate.m */ = {isa = PBXFileReference; lastKnownFileType = sourcecode.c.objc; path = SceneDelegate.m; sourceTree = "<group>"; };
		4E5454C7244719B000008D99 /* ViewController.h */ = {isa = PBXFileReference; lastKnownFileType = sourcecode.c.h; path = ViewController.h; sourceTree = "<group>"; };
		4E5454C8244719B000008D99 /* ViewController.m */ = {isa = PBXFileReference; lastKnownFileType = sourcecode.c.objc; path = ViewController.m; sourceTree = "<group>"; };
		4E5454CB244719B000008D99 /* Base */ = {isa = PBXFileReference; lastKnownFileType = file.storyboard; name = Base; path = Base.lproj/Main.storyboard; sourceTree = "<group>"; };
		4E5454CD244719B200008D99 /* Assets.xcassets */ = {isa = PBXFileReference; lastKnownFileType = folder.assetcatalog; path = Assets.xcassets; sourceTree = "<group>"; };
		4E5454D0244719B200008D99 /* Base */ = {isa = PBXFileReference; lastKnownFileType = file.storyboard; name = Base; path = Base.lproj/LaunchScreen.storyboard; sourceTree = "<group>"; };
		4E5454D2244719B200008D99 /* Info.plist */ = {isa = PBXFileReference; lastKnownFileType = text.plist.xml; path = Info.plist; sourceTree = "<group>"; };
		4E5454D3244719B200008D99 /* main.m */ = {isa = PBXFileReference; lastKnownFileType = sourcecode.c.objc; path = main.m; sourceTree = "<group>"; };
		4E5454DB244719F300008D99 /* MMSwiper.h */ = {isa = PBXFileReference; fileEncoding = 4; lastKnownFileType = sourcecode.c.h; path = MMSwiper.h; sourceTree = "<group>"; };
		4E5454DC244719F300008D99 /* MMSwiper.m */ = {isa = PBXFileReference; fileEncoding = 4; lastKnownFileType = sourcecode.c.objc; path = MMSwiper.m; sourceTree = "<group>"; };
		B45886FF351460C49BCDE6EB /* Pods-MMSwiperDemo.debug.xcconfig */ = {isa = PBXFileReference; includeInIndex = 1; lastKnownFileType = text.xcconfig; name = "Pods-MMSwiperDemo.debug.xcconfig"; path = "Target Support Files/Pods-MMSwiperDemo/Pods-MMSwiperDemo.debug.xcconfig"; sourceTree = "<group>"; };
/* End PBXFileReference section */

/* Begin PBXFrameworksBuildPhase section */
		4E5454BB244719B000008D99 /* Frameworks */ = {
			isa = PBXFrameworksBuildPhase;
			buildActionMask = 2147483647;
			files = (
				62CDC753C1034AA76B8C30DE /* libPods-MMSwiperDemo.a in Frameworks */,
			);
			runOnlyForDeploymentPostprocessing = 0;
		};
/* End PBXFrameworksBuildPhase section */

/* Begin PBXGroup section */
		3AAAF672FBC5442B710252D9 /* Frameworks */ = {
			isa = PBXGroup;
			children = (
				1D8AF04B9D774E52951DE2B2 /* libPods-MMSwiperDemo.a */,
			);
			name = Frameworks;
			sourceTree = "<group>";
		};
		4E5454B5244719B000008D99 = {
			isa = PBXGroup;
			children = (
				4E5454C0244719B000008D99 /* MMSwiperDemo */,
				4E5454BF244719B000008D99 /* Products */,
				4E685D0B665DB403D4EFB87E /* Pods */,
				3AAAF672FBC5442B710252D9 /* Frameworks */,
			);
			sourceTree = "<group>";
		};
		4E5454BF244719B000008D99 /* Products */ = {
			isa = PBXGroup;
			children = (
				4E5454BE244719B000008D99 /* MMSwiperDemo.app */,
			);
			name = Products;
			sourceTree = "<group>";
		};
		4E5454C0244719B000008D99 /* MMSwiperDemo */ = {
			isa = PBXGroup;
			children = (
				4E5454DA244719E100008D99 /* MMSwiper */,
				4E5454C1244719B000008D99 /* AppDelegate.h */,
				4E5454C2244719B000008D99 /* AppDelegate.m */,
				4E5454C4244719B000008D99 /* SceneDelegate.h */,
				4E5454C5244719B000008D99 /* SceneDelegate.m */,
				4E5454C7244719B000008D99 /* ViewController.h */,
				4E5454C8244719B000008D99 /* ViewController.m */,
				4E5454CA244719B000008D99 /* Main.storyboard */,
				4E5454CD244719B200008D99 /* Assets.xcassets */,
				4E5454CF244719B200008D99 /* LaunchScreen.storyboard */,
				4E5454D2244719B200008D99 /* Info.plist */,
				4E5454D3244719B200008D99 /* main.m */,
			);
			path = MMSwiperDemo;
			sourceTree = "<group>";
		};
		4E5454DA244719E100008D99 /* MMSwiper */ = {
			isa = PBXGroup;
			children = (
				4E5454DB244719F300008D99 /* MMSwiper.h */,
				4E5454DC244719F300008D99 /* MMSwiper.m */,
			);
			path = MMSwiper;
			sourceTree = SOURCE_ROOT;
		};
		4E685D0B665DB403D4EFB87E /* Pods */ = {
			isa = PBXGroup;
			children = (
				B45886FF351460C49BCDE6EB /* Pods-MMSwiperDemo.debug.xcconfig */,
				175292AA5A7DD807062BCB22 /* Pods-MMSwiperDemo.release.xcconfig */,
			);
			path = Pods;
			sourceTree = "<group>";
		};
/* End PBXGroup section */

/* Begin PBXNativeTarget section */
		4E5454BD244719B000008D99 /* MMSwiperDemo */ = {
			isa = PBXNativeTarget;
			buildConfigurationList = 4E5454D7244719B200008D99 /* Build configuration list for PBXNativeTarget "MMSwiperDemo" */;
			buildPhases = (
				5F3652C5B5E8A807BD519AA0 /* [CP] Check Pods Manifest.lock */,
				4E5454BA244719B000008D99 /* Sources */,
				4E5454BB244719B000008D99 /* Frameworks */,
				4E5454BC244719B000008D99 /* Resources */,
			);
			buildRules = (
			);
			dependencies = (
			);
			name = MMSwiperDemo;
			productName = MMSwiperDemo;
			productReference = 4E5454BE244719B000008D99 /* MMSwiperDemo.app */;
			productType = "com.apple.product-type.application";
		};
/* End PBXNativeTarget section */

/* Begin PBXProject section */
		4E5454B6244719B000008D99 /* Project object */ = {
			isa = PBXProject;
			attributes = {
				LastUpgradeCheck = 1140;
				ORGANIZATIONNAME = Huangzhenxiang;
				TargetAttributes = {
					4E5454BD244719B000008D99 = {
						CreatedOnToolsVersion = 11.4;
						ProvisioningStyle = Automatic;
					};
				};
			};
			buildConfigurationList = 4E5454B9244719B000008D99 /* Build configuration list for PBXProject "MMSwiperDemo" */;
			compatibilityVersion = "Xcode 3.2";
			developmentRegion = en;
			hasScannedForEncodings = 0;
			knownRegions = (
				en,
				Base,
			);
			mainGroup = 4E5454B5244719B000008D99;
			productRefGroup = 4E5454BF244719B000008D99 /* Products */;
			projectDirPath = "";
			projectRoot = "";
			targets = (
				4E5454BD244719B000008D99 /* MMSwiperDemo */,
			);
		};
/* End PBXProject section */

/* Begin PBXResourcesBuildPhase section */
		4E5454BC244719B000008D99 /* Resources */ = {
			isa = PBXResourcesBuildPhase;
			buildActionMask = 2147483647;
			files = (
				4E5454D1244719B200008D99 /* LaunchScreen.storyboard in Resources */,
				4E5454CE244719B200008D99 /* Assets.xcassets in Resources */,
				4E5454CC244719B000008D99 /* Main.storyboard in Resources */,
			);
			runOnlyForDeploymentPostprocessing = 0;
		};
/* End PBXResourcesBuildPhase section */

/* Begin PBXShellScriptBuildPhase section */
		5F3652C5B5E8A807BD519AA0 /* [CP] Check Pods Manifest.lock */ = {
			isa = PBXShellScriptBuildPhase;
			buildActionMask = 2147483647;
			files = (
			);
			inputFileListPaths = (
			);
			inputPaths = (
				"${PODS_PODFILE_DIR_PATH}/Podfile.lock",
				"${PODS_ROOT}/Manifest.lock",
			);
			name = "[CP] Check Pods Manifest.lock";
			outputFileListPaths = (
			);
			outputPaths = (
				"$(DERIVED_FILE_DIR)/Pods-MMSwiperDemo-checkManifestLockResult.txt",
			);
			runOnlyForDeploymentPostprocessing = 0;
			shellPath = /bin/sh;
			shellScript = "diff \"${PODS_PODFILE_DIR_PATH}/Podfile.lock\" \"${PODS_ROOT}/Manifest.lock\" > /dev/null\nif [ $? != 0 ] ; then\n    # print error to STDERR\n    echo \"error: The sandbox is not in sync with the Podfile.lock. Run 'pod install' or update your CocoaPods installation.\" >&2\n    exit 1\nfi\n# This output is used by Xcode 'outputs' to avoid re-running this script phase.\necho \"SUCCESS\" > \"${SCRIPT_OUTPUT_FILE_0}\"\n";
			showEnvVarsInLog = 0;
		};
/* End PBXShellScriptBuildPhase section */

/* Begin PBXSourcesBuildPhase section */
		4E5454BA244719B000008D99 /* Sources */ = {
			isa = PBXSourcesBuildPhase;
			buildActionMask = 2147483647;
			files = (
				4E5454C9244719B000008D99 /* ViewController.m in Sources */,
				4E5454C3244719B000008D99 /* AppDelegate.m in Sources */,
				4E5454D4244719B200008D99 /* main.m in Sources */,
				4E5454DD244719F300008D99 /* MMSwiper.m in Sources */,
				4E5454C6244719B000008D99 /* SceneDelegate.m in Sources */,
			);
			runOnlyForDeploymentPostprocessing = 0;
		};
/* End PBXSourcesBuildPhase section */

/* Begin PBXVariantGroup section */
		4E5454CA244719B000008D99 /* Main.storyboard */ = {
			isa = PBXVariantGroup;
			children = (
				4E5454CB244719B000008D99 /* Base */,
			);
			name = Main.storyboard;
			sourceTree = "<group>";
		};
		4E5454CF244719B200008D99 /* LaunchScreen.storyboard */ = {
			isa = PBXVariantGroup;
			children = (
				4E5454D0244719B200008D99 /* Base */,
			);
			name = LaunchScreen.storyboard;
			sourceTree = "<group>";
		};
/* End PBXVariantGroup section */

/* Begin XCBuildConfiguration section */
		4E5454D5244719B200008D99 /* Debug */ = {
			isa = XCBuildConfiguration;
			buildSettings = {
				ALWAYS_SEARCH_USER_PATHS = NO;
				CLANG_ANALYZER_NONNULL = YES;
				CLANG_ANALYZER_NUMBER_OBJECT_CONVERSION = YES_AGGRESSIVE;
				CLANG_CXX_LANGUAGE_STANDARD = "gnu++14";
				CLANG_CXX_LIBRARY = "libc++";
				CLANG_ENABLE_MODULES = YES;
				CLANG_ENABLE_OBJC_ARC = YES;
				CLANG_ENABLE_OBJC_WEAK = YES;
				CLANG_WARN_BLOCK_CAPTURE_AUTORELEASING = YES;
				CLANG_WARN_BOOL_CONVERSION = YES;
				CLANG_WARN_COMMA = YES;
				CLANG_WARN_CONSTANT_CONVERSION = YES;
				CLANG_WARN_DEPRECATED_OBJC_IMPLEMENTATIONS = YES;
				CLANG_WARN_DIRECT_OBJC_ISA_USAGE = YES_ERROR;
				CLANG_WARN_DOCUMENTATION_COMMENTS = YES;
				CLANG_WARN_EMPTY_BODY = YES;
				CLANG_WARN_ENUM_CONVERSION = YES;
				CLANG_WARN_INFINITE_RECURSION = YES;
				CLANG_WARN_INT_CONVERSION = YES;
				CLANG_WARN_NON_LITERAL_NULL_CONVERSION = YES;
				CLANG_WARN_OBJC_IMPLICIT_RETAIN_SELF = YES;
				CLANG_WARN_OBJC_LITERAL_CONVERSION = YES;
				CLANG_WARN_OBJC_ROOT_CLASS = YES_ERROR;
				CLANG_WARN_RANGE_LOOP_ANALYSIS = YES;
				CLANG_WARN_STRICT_PROTOTYPES = YES;
				CLANG_WARN_SUSPICIOUS_MOVE = YES;
				CLANG_WARN_UNGUARDED_AVAILABILITY = YES_AGGRESSIVE;
				CLANG_WARN_UNREACHABLE_CODE = YES;
				CLANG_WARN__DUPLICATE_METHOD_MATCH = YES;
				COPY_PHASE_STRIP = NO;
				DEBUG_INFORMATION_FORMAT = dwarf;
				ENABLE_STRICT_OBJC_MSGSEND = YES;
				ENABLE_TESTABILITY = YES;
				GCC_C_LANGUAGE_STANDARD = gnu11;
				GCC_DYNAMIC_NO_PIC = NO;
				GCC_NO_COMMON_BLOCKS = YES;
				GCC_OPTIMIZATION_LEVEL = 0;
				GCC_PREPROCESSOR_DEFINITIONS = (
					"DEBUG=1",
					"$(inherited)",
				);
				GCC_WARN_64_TO_32_BIT_CONVERSION = YES;
				GCC_WARN_ABOUT_RETURN_TYPE = YES_ERROR;
				GCC_WARN_UNDECLARED_SELECTOR = YES;
				GCC_WARN_UNINITIALIZED_AUTOS = YES_AGGRESSIVE;
				GCC_WARN_UNUSED_FUNCTION = YES;
				GCC_WARN_UNUSED_VARIABLE = YES;
				IPHONEOS_DEPLOYMENT_TARGET = 13.4;
				MTL_ENABLE_DEBUG_INFO = INCLUDE_SOURCE;
				MTL_FAST_MATH = YES;
				ONLY_ACTIVE_ARCH = YES;
				SDKROOT = iphoneos;
			};
			name = Debug;
		};
		4E5454D6244719B200008D99 /* Release */ = {
			isa = XCBuildConfiguration;
			buildSettings = {
				ALWAYS_SEARCH_USER_PATHS = NO;
				CLANG_ANALYZER_NONNULL = YES;
				CLANG_ANALYZER_NUMBER_OBJECT_CONVERSION = YES_AGGRESSIVE;
				CLANG_CXX_LANGUAGE_STANDARD = "gnu++14";
				CLANG_CXX_LIBRARY = "libc++";
				CLANG_ENABLE_MODULES = YES;
				CLANG_ENABLE_OBJC_ARC = YES;
				CLANG_ENABLE_OBJC_WEAK = YES;
				CLANG_WARN_BLOCK_CAPTURE_AUTORELEASING = YES;
				CLANG_WARN_BOOL_CONVERSION = YES;
				CLANG_WARN_COMMA = YES;
				CLANG_WARN_CONSTANT_CONVERSION = YES;
				CLANG_WARN_DEPRECATED_OBJC_IMPLEMENTATIONS = YES;
				CLANG_WARN_DIRECT_OBJC_ISA_USAGE = YES_ERROR;
				CLANG_WARN_DOCUMENTATION_COMMENTS = YES;
				CLANG_WARN_EMPTY_BODY = YES;
				CLANG_WARN_ENUM_CONVERSION = YES;
				CLANG_WARN_INFINITE_RECURSION = YES;
				CLANG_WARN_INT_CONVERSION = YES;
				CLANG_WARN_NON_LITERAL_NULL_CONVERSION = YES;
				CLANG_WARN_OBJC_IMPLICIT_RETAIN_SELF = YES;
				CLANG_WARN_OBJC_LITERAL_CONVERSION = YES;
				CLANG_WARN_OBJC_ROOT_CLASS = YES_ERROR;
				CLANG_WARN_RANGE_LOOP_ANALYSIS = YES;
				CLANG_WARN_STRICT_PROTOTYPES = YES;
				CLANG_WARN_SUSPICIOUS_MOVE = YES;
				CLANG_WARN_UNGUARDED_AVAILABILITY = YES_AGGRESSIVE;
				CLANG_WARN_UNREACHABLE_CODE = YES;
				CLANG_WARN__DUPLICATE_METHOD_MATCH = YES;
				COPY_PHASE_STRIP = NO;
				DEBUG_INFORMATION_FORMAT = "dwarf-with-dsym";
				ENABLE_NS_ASSERTIONS = NO;
				ENABLE_STRICT_OBJC_MSGSEND = YES;
				GCC_C_LANGUAGE_STANDARD = gnu11;
				GCC_NO_COMMON_BLOCKS = YES;
				GCC_WARN_64_TO_32_BIT_CONVERSION = YES;
				GCC_WARN_ABOUT_RETURN_TYPE = YES_ERROR;
				GCC_WARN_UNDECLARED_SELECTOR = YES;
				GCC_WARN_UNINITIALIZED_AUTOS = YES_AGGRESSIVE;
				GCC_WARN_UNUSED_FUNCTION = YES;
				GCC_WARN_UNUSED_VARIABLE = YES;
				IPHONEOS_DEPLOYMENT_TARGET = 13.4;
				MTL_ENABLE_DEBUG_INFO = NO;
				MTL_FAST_MATH = YES;
				SDKROOT = iphoneos;
				VALIDATE_PRODUCT = YES;
			};
			name = Release;
		};
		4E5454D8244719B200008D99 /* Debug */ = {
			isa = XCBuildConfiguration;
			baseConfigurationReference = B45886FF351460C49BCDE6EB /* Pods-MMSwiperDemo.debug.xcconfig */;
			buildSettings = {
				ASSETCATALOG_COMPILER_APPICON_NAME = AppIcon;
				CODE_SIGN_STYLE = Automatic;
				INFOPLIST_FILE = MMSwiperDemo/Info.plist;
				IPHONEOS_DEPLOYMENT_TARGET = 9.0;
				LD_RUNPATH_SEARCH_PATHS = "$(inherited) @executable_path/Frameworks";
				PRODUCT_BUNDLE_IDENTIFIER = com.MMSwiperDemo;
				PRODUCT_NAME = "$(TARGET_NAME)";
				TARGETED_DEVICE_FAMILY = "1,2";
			};
			name = Debug;
		};
		4E5454D9244719B200008D99 /* Release */ = {
			isa = XCBuildConfiguration;
			baseConfigurationReference = 175292AA5A7DD807062BCB22 /* Pods-MMSwiperDemo.release.xcconfig */;
			buildSettings = {
				ASSETCATALOG_COMPILER_APPICON_NAME = AppIcon;
				CODE_SIGN_STYLE = Automatic;
				INFOPLIST_FILE = MMSwiperDemo/Info.plist;
				IPHONEOS_DEPLOYMENT_TARGET = 9.0;
				LD_RUNPATH_SEARCH_PATHS = "$(inherited) @executable_path/Frameworks";
				PRODUCT_BUNDLE_IDENTIFIER = com.MMSwiperDemo;
				PRODUCT_NAME = "$(TARGET_NAME)";
				TARGETED_DEVICE_FAMILY = "1,2";
			};
			name = Release;
		};
/* End XCBuildConfiguration section */

/* Begin XCConfigurationList section */
		4E5454B9244719B000008D99 /* Build configuration list for PBXProject "MMSwiperDemo" */ = {
			isa = XCConfigurationList;
			buildConfigurations = (
				4E5454D5244719B200008D99 /* Debug */,
				4E5454D6244719B200008D99 /* Release */,
			);
			defaultConfigurationIsVisible = 0;
			defaultConfigurationName = Release;
		};
		4E5454D7244719B200008D99 /* Build configuration list for PBXNativeTarget "MMSwiperDemo" */ = {
			isa = XCConfigurationList;
			buildConfigurations = (
				4E5454D8244719B200008D99 /* Debug */,
				4E5454D9244719B200008D99 /* Release */,
			);
			defaultConfigurationIsVisible = 0;
			defaultConfigurationName = Release;
		};
/* End XCConfigurationList section */
	};
	rootObject = 4E5454B6244719B000008D99 /* Project object */;
}
